
Microsoft Visual Studio Solution File, Format Version 12.00
# Visual Studio Version 17
VisualStudioVersion = 17.10.35027.167
MinimumVisualStudioVersion = 10.0.40219.1
Project("{FAE04EC0-301F-11D3-BF4B-00C04F79EFBC}") = "Elevador", "Elevador\Elevador.csproj", "{EC8765A2-7060-4DFC-8006-EF8D9399C336}"
EndProject
Project("{9A19103F-16F7-4668-BE54-9A1E7A4F7556}") = "TAREFA 3.1", "..\..\..\OneDrive\Área de Trabalho\alura\TAREFA 3.1\TAREFA 3.1\TAREFA 3.1.csproj", "{44BE4B47-2AF2-40AB-822C-07D3090783FE}"
EndProject
Global
	GlobalSection(SolutionConfigurationPlatforms) = preSolution
		Debug|Any CPU = Debug|Any CPU
		Release|Any CPU = Release|Any CPU
	EndGlobalSection
	GlobalSection(ProjectConfigurationPlatforms) = postSolution
		{EC8765A2-7060-4DFC-8006-EF8D9399C336}.Debug|Any CPU.ActiveCfg = Debug|Any CPU
		{EC8765A2-7060-4DFC-8006-EF8D9399C336}.Debug|Any CPU.Build.0 = Debug|Any CPU
		{EC8765A2-7060-4DFC-8006-EF8D9399C336}.Release|Any CPU.ActiveCfg = Release|Any CPU
		{EC8765A2-7060-4DFC-8006-EF8D9399C336}.Release|Any CPU.Build.0 = Release|Any CPU
		{44BE4B47-2AF2-40AB-822C-07D3090783FE}.Debug|Any CPU.ActiveCfg = Debug|Any CPU
		{44BE4B47-2AF2-40AB-822C-07D3090783FE}.Debug|Any CPU.Build.0 = Debug|Any CPU
		{44BE4B47-2AF2-40AB-822C-07D3090783FE}.Release|Any CPU.ActiveCfg = Release|Any CPU
		{44BE4B47-2AF2-40AB-822C-07D3090783FE}.Release|Any CPU.Build.0 = Release|Any CPU
	EndGlobalSection
	GlobalSection(SolutionProperties) = preSolution
		HideSolutionNode = FALSE
	EndGlobalSection
	GlobalSection(ExtensibilityGlobals) = postSolution
		SolutionGuid = {4BD6F3EC-2B7A-4487-AA69-374E7E93179A}
	EndGlobalSection
EndGlobal
